// !$*UTF8*$!
{
	archiveVersion = 1;
	classes = {
	};
	objectVersion = 50;
	objects = {

/* Begin PBXBuildFile section */
		530AE24D25C07E6D00E03FD2 /* BouteillesAjout.swift in Sources */ = {isa = PBXBuildFile; fileRef = 530AE24C25C07E6D00E03FD2 /* BouteillesAjout.swift */; };
		5325702C25AC85390043F88F /* LaunchScreen.storyboard in Resources */ = {isa = PBXBuildFile; fileRef = 5325702B25AC85390043F88F /* LaunchScreen.storyboard */; };
		53AB7FCE25C30441003BBEFA /* InfosViewController.swift in Sources */ = {isa = PBXBuildFile; fileRef = 53AB7FCD25C30441003BBEFA /* InfosViewController.swift */; };
		53B5393825C316DB008A7996 /* AffichageViewController.swift in Sources */ = {isa = PBXBuildFile; fileRef = 53B5393725C316DB008A7996 /* AffichageViewController.swift */; };
		53B5393B25C31749008A7996 /* MyCollectionViewCell.swift in Sources */ = {isa = PBXBuildFile; fileRef = 53B5393A25C31749008A7996 /* MyCollectionViewCell.swift */; };
		53C1178625B1D79A0018B9E2 /* bouteilles.json in Resources */ = {isa = PBXBuildFile; fileRef = 53C1178525B1D79A0018B9E2 /* bouteilles.json */; };
		53C1178A25B1D7C80018B9E2 /* Bouteilles.swift in Sources */ = {isa = PBXBuildFile; fileRef = 53C1178925B1D7C80018B9E2 /* Bouteilles.swift */; };
		53C1178D25B1E5CA0018B9E2 /* GestionViewController.swift in Sources */ = {isa = PBXBuildFile; fileRef = 53C1178C25B1E5CA0018B9E2 /* GestionViewController.swift */; };
		53C1179025B1E6F60018B9E2 /* BouteillesTableViewCell.swift in Sources */ = {isa = PBXBuildFile; fileRef = 53C1178F25B1E6F60018B9E2 /* BouteillesTableViewCell.swift */; };
		53D1E2FB25A88C020011F321 /* AppDelegate.swift in Sources */ = {isa = PBXBuildFile; fileRef = 53D1E2FA25A88C020011F321 /* AppDelegate.swift */; };
		53D1E2FD25A88C020011F321 /* SceneDelegate.swift in Sources */ = {isa = PBXBuildFile; fileRef = 53D1E2FC25A88C020011F321 /* SceneDelegate.swift */; };
		53D1E2FF25A88C020011F321 /* ViewController.swift in Sources */ = {isa = PBXBuildFile; fileRef = 53D1E2FE25A88C020011F321 /* ViewController.swift */; };
		53D1E30225A88C020011F321 /* Main.storyboard in Resources */ = {isa = PBXBuildFile; fileRef = 53D1E30025A88C020011F321 /* Main.storyboard */; };
		53D1E30525A88C020011F321 /* ProjetIOS.xcdatamodeld in Sources */ = {isa = PBXBuildFile; fileRef = 53D1E30325A88C020011F321 /* ProjetIOS.xcdatamodeld */; };
		53D1E30725A88C050011F321 /* Assets.xcassets in Resources */ = {isa = PBXBuildFile; fileRef = 53D1E30625A88C050011F321 /* Assets.xcassets */; };
/* End PBXBuildFile section */

/* Begin PBXFileReference section */
		530AE24C25C07E6D00E03FD2 /* BouteillesAjout.swift */ = {isa = PBXFileReference; lastKnownFileType = sourcecode.swift; path = BouteillesAjout.swift; sourceTree = "<group>"; };
		5325702B25AC85390043F88F /* LaunchScreen.storyboard */ = {isa = PBXFileReference; lastKnownFileType = file.storyboard; path = LaunchScreen.storyboard; sourceTree = "<group>"; };
		53AB7FCD25C30441003BBEFA /* InfosViewController.swift */ = {isa = PBXFileReference; lastKnownFileType = sourcecode.swift; path = InfosViewController.swift; sourceTree = "<group>"; };
		53B5393725C316DB008A7996 /* AffichageViewController.swift */ = {isa = PBXFileReference; lastKnownFileType = sourcecode.swift; path = AffichageViewController.swift; sourceTree = "<group>"; };
		53B5393A25C31749008A7996 /* MyCollectionViewCell.swift */ = {isa = PBXFileReference; lastKnownFileType = sourcecode.swift; path = MyCollectionViewCell.swift; sourceTree = "<group>"; };
		53C1178525B1D79A0018B9E2 /* bouteilles.json */ = {isa = PBXFileReference; fileEncoding = 4; lastKnownFileType = text.json; path = bouteilles.json; sourceTree = "<group>"; };
		53C1178925B1D7C80018B9E2 /* Bouteilles.swift */ = {isa = PBXFileReference; lastKnownFileType = sourcecode.swift; path = Bouteilles.swift; sourceTree = "<group>"; };
		53C1178C25B1E5CA0018B9E2 /* GestionViewController.swift */ = {isa = PBXFileReference; lastKnownFileType = sourcecode.swift; path = GestionViewController.swift; sourceTree = "<group>"; };
		53C1178F25B1E6F60018B9E2 /* BouteillesTableViewCell.swift */ = {isa = PBXFileReference; lastKnownFileType = sourcecode.swift; path = BouteillesTableViewCell.swift; sourceTree = "<group>"; };
		53D1E2F725A88C020011F321 /* ProjetIOS.app */ = {isa = PBXFileReference; explicitFileType = wrapper.application; includeInIndex = 0; path = ProjetIOS.app; sourceTree = BUILT_PRODUCTS_DIR; };
		53D1E2FA25A88C020011F321 /* AppDelegate.swift */ = {isa = PBXFileReference; lastKnownFileType = sourcecode.swift; path = AppDelegate.swift; sourceTree = "<group>"; };
		53D1E2FC25A88C020011F321 /* SceneDelegate.swift */ = {isa = PBXFileReference; lastKnownFileType = sourcecode.swift; path = SceneDelegate.swift; sourceTree = "<group>"; };
		53D1E2FE25A88C020011F321 /* ViewController.swift */ = {isa = PBXFileReference; lastKnownFileType = sourcecode.swift; path = ViewController.swift; sourceTree = "<group>"; };
		53D1E30125A88C020011F321 /* Base */ = {isa = PBXFileReference; lastKnownFileType = file.storyboard; name = Base; path = Base.lproj/Main.storyboard; sourceTree = "<group>"; };
		53D1E30425A88C020011F321 /* ProjetIOS.xcdatamodel */ = {isa = PBXFileReference; lastKnownFileType = wrapper.xcdatamodel; path = ProjetIOS.xcdatamodel; sourceTree = "<group>"; };
		53D1E30625A88C050011F321 /* Assets.xcassets */ = {isa = PBXFileReference; lastKnownFileType = folder.assetcatalog; path = Assets.xcassets; sourceTree = "<group>"; };
		53D1E30B25A88C050011F321 /* Info.plist */ = {isa = PBXFileReference; lastKnownFileType = text.plist.xml; path = Info.plist; sourceTree = "<group>"; };
/* End PBXFileReference section */

/* Begin PBXFrameworksBuildPhase section */
		53D1E2F425A88C020011F321 /* Frameworks */ = {
			isa = PBXFrameworksBuildPhase;
			buildActionMask = 2147483647;
			files = (
			);
			runOnlyForDeploymentPostprocessing = 0;
		};
/* End PBXFrameworksBuildPhase section */

/* Begin PBXGroup section */
		530AE24225C07A4400E03FD2 /* View */ = {
			isa = PBXGroup;
			children = (
				53D1E30025A88C020011F321 /* Main.storyboard */,
				5325702B25AC85390043F88F /* LaunchScreen.storyboard */,
			);
			path = View;
			sourceTree = "<group>";
		};
		530AE24425C07A6000E03FD2 /* Controller */ = {
			isa = PBXGroup;
			children = (
				53C1178C25B1E5CA0018B9E2 /* GestionViewController.swift */,
				53D1E2FE25A88C020011F321 /* ViewController.swift */,
				53C1178F25B1E6F60018B9E2 /* BouteillesTableViewCell.swift */,
				53AB7FCD25C30441003BBEFA /* InfosViewController.swift */,
				53B5393725C316DB008A7996 /* AffichageViewController.swift */,
				53B5393A25C31749008A7996 /* MyCollectionViewCell.swift */,
			);
			path = Controller;
			sourceTree = "<group>";
		};
		530AE24625C07B4500E03FD2 /* Delegate */ = {
			isa = PBXGroup;
			children = (
				53D1E2FA25A88C020011F321 /* AppDelegate.swift */,
				53D1E2FC25A88C020011F321 /* SceneDelegate.swift */,
			);
			path = Delegate;
			sourceTree = "<group>";
		};
		53C1178425B1D7200018B9E2 /* data */ = {
			isa = PBXGroup;
			children = (
				53C1178525B1D79A0018B9E2 /* bouteilles.json */,
			);
			path = data;
			sourceTree = "<group>";
		};
		53C1178825B1D7A90018B9E2 /* Models */ = {
			isa = PBXGroup;
			children = (
				530AE24C25C07E6D00E03FD2 /* BouteillesAjout.swift */,
				53C1178925B1D7C80018B9E2 /* Bouteilles.swift */,
			);
			path = Models;
			sourceTree = "<group>";
		};
		53D1E2EE25A88C020011F321 = {
			isa = PBXGroup;
			children = (
				53D1E2F925A88C020011F321 /* ProjetIOS */,
				53D1E2F825A88C020011F321 /* Products */,
			);
			sourceTree = "<group>";
		};
		53D1E2F825A88C020011F321 /* Products */ = {
			isa = PBXGroup;
			children = (
				53D1E2F725A88C020011F321 /* ProjetIOS.app */,
			);
			name = Products;
			sourceTree = "<group>";
		};
		53D1E2F925A88C020011F321 /* ProjetIOS */ = {
			isa = PBXGroup;
			children = (
				530AE24625C07B4500E03FD2 /* Delegate */,
				53C1178425B1D7200018B9E2 /* data */,
				53C1178825B1D7A90018B9E2 /* Models */,
				530AE24225C07A4400E03FD2 /* View */,
				530AE24425C07A6000E03FD2 /* Controller */,
				53D1E30625A88C050011F321 /* Assets.xcassets */,
				53D1E30B25A88C050011F321 /* Info.plist */,
				53D1E30325A88C020011F321 /* ProjetIOS.xcdatamodeld */,
			);
			path = ProjetIOS;
			sourceTree = "<group>";
		};
/* End PBXGroup section */

/* Begin PBXNativeTarget section */
		53D1E2F625A88C020011F321 /* ProjetIOS */ = {
			isa = PBXNativeTarget;
			buildConfigurationList = 53D1E30E25A88C050011F321 /* Build configuration list for PBXNativeTarget "ProjetIOS" */;
			buildPhases = (
				53D1E2F325A88C020011F321 /* Sources */,
				53D1E2F425A88C020011F321 /* Frameworks */,
				53D1E2F525A88C020011F321 /* Resources */,
			);
			buildRules = (
			);
			dependencies = (
			);
			name = ProjetIOS;
			productName = ProjetIOS;
			productReference = 53D1E2F725A88C020011F321 /* ProjetIOS.app */;
			productType = "com.apple.product-type.application";
		};
/* End PBXNativeTarget section */

/* Begin PBXProject section */
		53D1E2EF25A88C020011F321 /* Project object */ = {
			isa = PBXProject;
			attributes = {
				LastSwiftUpdateCheck = 1220;
				LastUpgradeCheck = 1220;
				TargetAttributes = {
					53D1E2F625A88C020011F321 = {
						CreatedOnToolsVersion = 12.2;
					};
				};
			};
			buildConfigurationList = 53D1E2F225A88C020011F321 /* Build configuration list for PBXProject "ProjetIOS" */;
			compatibilityVersion = "Xcode 9.3";
			developmentRegion = en;
			hasScannedForEncodings = 0;
			knownRegions = (
				en,
				Base,
			);
			mainGroup = 53D1E2EE25A88C020011F321;
			productRefGroup = 53D1E2F825A88C020011F321 /* Products */;
			projectDirPath = "";
			projectRoot = "";
			targets = (
				53D1E2F625A88C020011F321 /* ProjetIOS */,
			);
		};
/* End PBXProject section */

/* Begin PBXResourcesBuildPhase section */
		53D1E2F525A88C020011F321 /* Resources */ = {
			isa = PBXResourcesBuildPhase;
			buildActionMask = 2147483647;
			files = (
				53D1E30725A88C050011F321 /* Assets.xcassets in Resources */,
				5325702C25AC85390043F88F /* LaunchScreen.storyboard in Resources */,
				53D1E30225A88C020011F321 /* Main.storyboard in Resources */,
				53C1178625B1D79A0018B9E2 /* bouteilles.json in Resources */,
			);
			runOnlyForDeploymentPostprocessing = 0;
		};
/* End PBXResourcesBuildPhase section */

/* Begin PBXSourcesBuildPhase section */
		53D1E2F325A88C020011F321 /* Sources */ = {
			isa = PBXSourcesBuildPhase;
			buildActionMask = 2147483647;
			files = (
				53B5393B25C31749008A7996 /* MyCollectionViewCell.swift in Sources */,
				53D1E2FF25A88C020011F321 /* ViewController.swift in Sources */,
				53C1178A25B1D7C80018B9E2 /* Bouteilles.swift in Sources */,
				53D1E30525A88C020011F321 /* ProjetIOS.xcdatamodeld in Sources */,
				53D1E2FB25A88C020011F321 /* AppDelegate.swift in Sources */,
				53C1179025B1E6F60018B9E2 /* BouteillesTableViewCell.swift in Sources */,
				53B5393825C316DB008A7996 /* AffichageViewController.swift in Sources */,
				53C1178D25B1E5CA0018B9E2 /* GestionViewController.swift in Sources */,
				53D1E2FD25A88C020011F321 /* SceneDelegate.swift in Sources */,
				530AE24D25C07E6D00E03FD2 /* BouteillesAjout.swift in Sources */,
				53AB7FCE25C30441003BBEFA /* InfosViewController.swift in Sources */,
			);
			runOnlyForDeploymentPostprocessing = 0;
		};
/* End PBXSourcesBuildPhase section */

/* Begin PBXVariantGroup section */
		53D1E30025A88C020011F321 /* Main.storyboard */ = {
			isa = PBXVariantGroup;
			children = (
				53D1E30125A88C020011F321 /* Base */,
			);
			name = Main.storyboard;
			sourceTree = "<group>";
		};
/* End PBXVariantGroup section */

/* Begin XCBuildConfiguration section */
		53D1E30C25A88C050011F321 /* Debug */ = {
			isa = XCBuildConfiguration;
			buildSettings = {
				ALWAYS_SEARCH_USER_PATHS = NO;
				CLANG_ANALYZER_NONNULL = YES;
				CLANG_ANALYZER_NUMBER_OBJECT_CONVERSION = YES_AGGRESSIVE;
				CLANG_CXX_LANGUAGE_STANDARD = "gnu++14";
				CLANG_CXX_LIBRARY = "libc++";
				CLANG_ENABLE_MODULES = YES;
				CLANG_ENABLE_OBJC_ARC = YES;
				CLANG_ENABLE_OBJC_WEAK = YES;
				CLANG_WARN_BLOCK_CAPTURE_AUTORELEASING = YES;
				CLANG_WARN_BOOL_CONVERSION = YES;
				CLANG_WARN_COMMA = YES;
				CLANG_WARN_CONSTANT_CONVERSION = YES;
				CLANG_WARN_DEPRECATED_OBJC_IMPLEMENTATIONS = YES;
				CLANG_WARN_DIRECT_OBJC_ISA_USAGE = YES_ERROR;
				CLANG_WARN_DOCUMENTATION_COMMENTS = YES;
				CLANG_WARN_EMPTY_BODY = YES;
				CLANG_WARN_ENUM_CONVERSION = YES;
				CLANG_WARN_INFINITE_RECURSION = YES;
				CLANG_WARN_INT_CONVERSION = YES;
				CLANG_WARN_NON_LITERAL_NULL_CONVERSION = YES;
				CLANG_WARN_OBJC_IMPLICIT_RETAIN_SELF = YES;
				CLANG_WARN_OBJC_LITERAL_CONVERSION = YES;
				CLANG_WARN_OBJC_ROOT_CLASS = YES_ERROR;
				CLANG_WARN_QUOTED_INCLUDE_IN_FRAMEWORK_HEADER = YES;
				CLANG_WARN_RANGE_LOOP_ANALYSIS = YES;
				CLANG_WARN_STRICT_PROTOTYPES = YES;
				CLANG_WARN_SUSPICIOUS_MOVE = YES;
				CLANG_WARN_UNGUARDED_AVAILABILITY = YES_AGGRESSIVE;
				CLANG_WARN_UNREACHABLE_CODE = YES;
				CLANG_WARN__DUPLICATE_METHOD_MATCH = YES;
				COPY_PHASE_STRIP = NO;
				DEBUG_INFORMATION_FORMAT = dwarf;
				ENABLE_STRICT_OBJC_MSGSEND = YES;
				ENABLE_TESTABILITY = YES;
				GCC_C_LANGUAGE_STANDARD = gnu11;
				GCC_DYNAMIC_NO_PIC = NO;
				GCC_NO_COMMON_BLOCKS = YES;
				GCC_OPTIMIZATION_LEVEL = 0;
				GCC_PREPROCESSOR_DEFINITIONS = (
					"DEBUG=1",
					"$(inherited)",
				);
				GCC_WARN_64_TO_32_BIT_CONVERSION = YES;
				GCC_WARN_ABOUT_RETURN_TYPE = YES_ERROR;
				GCC_WARN_UNDECLARED_SELECTOR = YES;
				GCC_WARN_UNINITIALIZED_AUTOS = YES_AGGRESSIVE;
				GCC_WARN_UNUSED_FUNCTION = YES;
				GCC_WARN_UNUSED_VARIABLE = YES;
				IPHONEOS_DEPLOYMENT_TARGET = 14.2;
				MTL_ENABLE_DEBUG_INFO = INCLUDE_SOURCE;
				MTL_FAST_MATH = YES;
				ONLY_ACTIVE_ARCH = YES;
				SDKROOT = iphoneos;
				SWIFT_ACTIVE_COMPILATION_CONDITIONS = DEBUG;
				SWIFT_OPTIMIZATION_LEVEL = "-Onone";
			};
			name = Debug;
		};
		53D1E30D25A88C050011F321 /* Release */ = {
			isa = XCBuildConfiguration;
			buildSettings = {
				ALWAYS_SEARCH_USER_PATHS = NO;
				CLANG_ANALYZER_NONNULL = YES;
				CLANG_ANALYZER_NUMBER_OBJECT_CONVERSION = YES_AGGRESSIVE;
				CLANG_CXX_LANGUAGE_STANDARD = "gnu++14";
				CLANG_CXX_LIBRARY = "libc++";
				CLANG_ENABLE_MODULES = YES;
				CLANG_ENABLE_OBJC_ARC = YES;
				CLANG_ENABLE_OBJC_WEAK = YES;
				CLANG_WARN_BLOCK_CAPTURE_AUTORELEASING = YES;
				CLANG_WARN_BOOL_CONVERSION = YES;
				CLANG_WARN_COMMA = YES;
				CLANG_WARN_CONSTANT_CONVERSION = YES;
				CLANG_WARN_DEPRECATED_OBJC_IMPLEMENTATIONS = YES;
				CLANG_WARN_DIRECT_OBJC_ISA_USAGE = YES_ERROR;
				CLANG_WARN_DOCUMENTATION_COMMENTS = YES;
				CLANG_WARN_EMPTY_BODY = YES;
				CLANG_WARN_ENUM_CONVERSION = YES;
				CLANG_WARN_INFINITE_RECURSION = YES;
				CLANG_WARN_INT_CONVERSION = YES;
				CLANG_WARN_NON_LITERAL_NULL_CONVERSION = YES;
				CLANG_WARN_OBJC_IMPLICIT_RETAIN_SELF = YES;
				CLANG_WARN_OBJC_LITERAL_CONVERSION = YES;
				CLANG_WARN_OBJC_ROOT_CLASS = YES_ERROR;
				CLANG_WARN_QUOTED_INCLUDE_IN_FRAMEWORK_HEADER = YES;
				CLANG_WARN_RANGE_LOOP_ANALYSIS = YES;
				CLANG_WARN_STRICT_PROTOTYPES = YES;
				CLANG_WARN_SUSPICIOUS_MOVE = YES;
				CLANG_WARN_UNGUARDED_AVAILABILITY = YES_AGGRESSIVE;
				CLANG_WARN_UNREACHABLE_CODE = YES;
				CLANG_WARN__DUPLICATE_METHOD_MATCH = YES;
				COPY_PHASE_STRIP = NO;
				DEBUG_INFORMATION_FORMAT = "dwarf-with-dsym";
				ENABLE_NS_ASSERTIONS = NO;
				ENABLE_STRICT_OBJC_MSGSEND = YES;
				GCC_C_LANGUAGE_STANDARD = gnu11;
				GCC_NO_COMMON_BLOCKS = YES;
				GCC_WARN_64_TO_32_BIT_CONVERSION = YES;
				GCC_WARN_ABOUT_RETURN_TYPE = YES_ERROR;
				GCC_WARN_UNDECLARED_SELECTOR = YES;
				GCC_WARN_UNINITIALIZED_AUTOS = YES_AGGRESSIVE;
				GCC_WARN_UNUSED_FUNCTION = YES;
				GCC_WARN_UNUSED_VARIABLE = YES;
				IPHONEOS_DEPLOYMENT_TARGET = 14.2;
				MTL_ENABLE_DEBUG_INFO = NO;
				MTL_FAST_MATH = YES;
				SDKROOT = iphoneos;
				SWIFT_COMPILATION_MODE = wholemodule;
				SWIFT_OPTIMIZATION_LEVEL = "-O";
				VALIDATE_PRODUCT = YES;
			};
			name = Release;
		};
		53D1E30F25A88C050011F321 /* Debug */ = {
			isa = XCBuildConfiguration;
			buildSettings = {
				ASSETCATALOG_COMPILER_APPICON_NAME = AppIcon;
				ASSETCATALOG_COMPILER_GLOBAL_ACCENT_COLOR_NAME = AccentColor;
				CODE_SIGN_STYLE = Automatic;
				DEVELOPMENT_TEAM = 76UXPM5A5V;
				INFOPLIST_FILE = ProjetIOS/Info.plist;
				LD_RUNPATH_SEARCH_PATHS = (
					"$(inherited)",
					"@executable_path/Frameworks",
				);
				PRODUCT_BUNDLE_IDENTIFIER = com.morin.ProjetIOS;
				PRODUCT_NAME = "$(TARGET_NAME)";
				SWIFT_VERSION = 5.0;
				TARGETED_DEVICE_FAMILY = "1,2";
			};
			name = Debug;
		};
		53D1E31025A88C050011F321 /* Release */ = {
			isa = XCBuildConfiguration;
			buildSettings = {
				ASSETCATALOG_COMPILER_APPICON_NAME = AppIcon;
				ASSETCATALOG_COMPILER_GLOBAL_ACCENT_COLOR_NAME = AccentColor;
				CODE_SIGN_STYLE = Automatic;
				DEVELOPMENT_TEAM = 76UXPM5A5V;
				INFOPLIST_FILE = ProjetIOS/Info.plist;
				LD_RUNPATH_SEARCH_PATHS = (
					"$(inherited)",
					"@executable_path/Frameworks",
				);
				PRODUCT_BUNDLE_IDENTIFIER = com.morin.ProjetIOS;
				PRODUCT_NAME = "$(TARGET_NAME)";
				SWIFT_VERSION = 5.0;
				TARGETED_DEVICE_FAMILY = "1,2";
			};
			name = Release;
		};
/* End XCBuildConfiguration section */

/* Begin XCConfigurationList section */
		53D1E2F225A88C020011F321 /* Build configuration list for PBXProject "ProjetIOS" */ = {
			isa = XCConfigurationList;
			buildConfigurations = (
				53D1E30C25A88C050011F321 /* Debug */,
				53D1E30D25A88C050011F321 /* Release */,
			);
			defaultConfigurationIsVisible = 0;
			defaultConfigurationName = Release;
		};
		53D1E30E25A88C050011F321 /* Build configuration list for PBXNativeTarget "ProjetIOS" */ = {
			isa = XCConfigurationList;
			buildConfigurations = (
				53D1E30F25A88C050011F321 /* Debug */,
				53D1E31025A88C050011F321 /* Release */,
			);
			defaultConfigurationIsVisible = 0;
			defaultConfigurationName = Release;
		};
/* End XCConfigurationList section */

/* Begin XCVersionGroup section */
		53D1E30325A88C020011F321 /* ProjetIOS.xcdatamodeld */ = {
			isa = XCVersionGroup;
			children = (
				53D1E30425A88C020011F321 /* ProjetIOS.xcdatamodel */,
			);
			currentVersion = 53D1E30425A88C020011F321 /* ProjetIOS.xcdatamodel */;
			path = ProjetIOS.xcdatamodeld;
			sourceTree = "<group>";
			versionGroupType = wrapper.xcdatamodel;
		};
/* End XCVersionGroup section */
	};
	rootObject = 53D1E2EF25A88C020011F321 /* Project object */;
}
